// !$*UTF8*$!
{
	archiveVersion = 1;
	classes = {
	};
	objectVersion = 56;
	objects = {

/* Begin PBXBuildFile section */
		9907233729D936F400C18065 /* AWSAPIPlugin in Frameworks */ = {isa = PBXBuildFile; productRef = 9907233629D936F400C18065 /* AWSAPIPlugin */; };
		9907233929D936F400C18065 /* AWSCognitoAuthPlugin in Frameworks */ = {isa = PBXBuildFile; productRef = 9907233829D936F400C18065 /* AWSCognitoAuthPlugin */; };
		9907233B29D936F400C18065 /* AWSDataStorePlugin in Frameworks */ = {isa = PBXBuildFile; productRef = 9907233A29D936F400C18065 /* AWSDataStorePlugin */; };
		9907233D29D936F400C18065 /* AWSPluginsCore in Frameworks */ = {isa = PBXBuildFile; productRef = 9907233C29D936F400C18065 /* AWSPluginsCore */; };
		9907233F29D936F400C18065 /* AWSS3StoragePlugin in Frameworks */ = {isa = PBXBuildFile; productRef = 9907233E29D936F400C18065 /* AWSS3StoragePlugin */; };
		9907234129D936F400C18065 /* Amplify in Frameworks */ = {isa = PBXBuildFile; productRef = 9907234029D936F400C18065 /* Amplify */; };
		997623B82AEF21960004185E /* AuthButtons.swift in Sources */ = {isa = PBXBuildFile; fileRef = 997623B72AEF21960004185E /* AuthButtons.swift */; };
		997623BC2AEF63900004185E /* FavoriteView.swift in Sources */ = {isa = PBXBuildFile; fileRef = 997623BB2AEF63900004185E /* FavoriteView.swift */; };
		99B07C6F2B0B170000AF2687 /* MLListView.swift in Sources */ = {isa = PBXBuildFile; fileRef = 99B07C6E2B0B170000AF2687 /* MLListView.swift */; };
		99B07C712B0B1FB600AF2687 /* Utils.swift in Sources */ = {isa = PBXBuildFile; fileRef = 99B07C702B0B1FB600AF2687 /* Utils.swift */; };
		99B07C742B0B254200AF2687 /* Zip in Frameworks */ = {isa = PBXBuildFile; productRef = 99B07C732B0B254200AF2687 /* Zip */; };
		99C62BA929D79C3D00A37181 /* SwiftCSV in Frameworks */ = {isa = PBXBuildFile; productRef = 99C62BA829D79C3D00A37181 /* SwiftCSV */; };
		99C62BAC29D7B21500A37181 /* CSV in Frameworks */ = {isa = PBXBuildFile; productRef = 99C62BAB29D7B21500A37181 /* CSV */; };
		99CF9EB42BC5AF11008D16AE /* MapView.swift in Sources */ = {isa = PBXBuildFile; fileRef = 99CF9EB32BC5AF11008D16AE /* MapView.swift */; };
		99CFC16E29D52DDD0069F04E /* WW_appApp.swift in Sources */ = {isa = PBXBuildFile; fileRef = 99CFC16D29D52DDD0069F04E /* WW_appApp.swift */; };
		99CFC17029D52DDD0069F04E /* Persistence.swift in Sources */ = {isa = PBXBuildFile; fileRef = 99CFC16F29D52DDD0069F04E /* Persistence.swift */; };
		99CFC17329D52DDD0069F04E /* WW_app.xcdatamodeld in Sources */ = {isa = PBXBuildFile; fileRef = 99CFC17129D52DDD0069F04E /* WW_app.xcdatamodeld */; };
		99CFC17729D52DDD0069F04E /* Assets.xcassets in Resources */ = {isa = PBXBuildFile; fileRef = 99CFC17629D52DDD0069F04E /* Assets.xcassets */; };
		99CFC17B29D52DDD0069F04E /* Preview Assets.xcassets in Resources */ = {isa = PBXBuildFile; fileRef = 99CFC17A29D52DDD0069F04E /* Preview Assets.xcassets */; };
		99CFC18229D52EE80069F04E /* River.swift in Sources */ = {isa = PBXBuildFile; fileRef = 99CFC18129D52EE80069F04E /* River.swift */; };
		99CFC18829D531780069F04E /* RiverListView.swift in Sources */ = {isa = PBXBuildFile; fileRef = 99CFC18729D531780069F04E /* RiverListView.swift */; };
		99CFC18A29D531950069F04E /* RiverDetailView.swift in Sources */ = {isa = PBXBuildFile; fileRef = 99CFC18929D531950069F04E /* RiverDetailView.swift */; };
		99CFC18C29D539EA0069F04E /* SnowpackData.swift in Sources */ = {isa = PBXBuildFile; fileRef = 99CFC18B29D539EA0069F04E /* SnowpackData.swift */; };
		99CFC18E29D53A360069F04E /* APIManager.swift in Sources */ = {isa = PBXBuildFile; fileRef = 99CFC18D29D53A360069F04E /* APIManager.swift */; };
		99CFC19129D53ADB0069F04E /* Alamofire in Frameworks */ = {isa = PBXBuildFile; productRef = 99CFC19029D53ADB0069F04E /* Alamofire */; };
		99CFC19329D53DF80069F04E /* NRCSResponse.swift in Sources */ = {isa = PBXBuildFile; fileRef = 99CFC19229D53DF80069F04E /* NRCSResponse.swift */; };
		99CFC19529D55FCF0069F04E /* WeatherResponse.swift in Sources */ = {isa = PBXBuildFile; fileRef = 99CFC19429D55FCF0069F04E /* WeatherResponse.swift */; };
		99CFC19829D56F800069F04E /* SwiftyJSON in Frameworks */ = {isa = PBXBuildFile; productRef = 99CFC19729D56F800069F04E /* SwiftyJSON */; };
		99CFC19D29D76AD30069F04E /* AnyCodable in Frameworks */ = {isa = PBXBuildFile; productRef = 99CFC19C29D76AD30069F04E /* AnyCodable */; };
		99D41CFB2AFFEA6800F842CF /* ProfileView.swift in Sources */ = {isa = PBXBuildFile; fileRef = 99D41CFA2AFFEA6800F842CF /* ProfileView.swift */; };
		99D968702BA9014F00261E95 /* FlowGraphView.swift in Sources */ = {isa = PBXBuildFile; fileRef = 99D9686F2BA9014F00261E95 /* FlowGraphView.swift */; };
		99D968722BA908AA00261E95 /* ReservoirManager.swift in Sources */ = {isa = PBXBuildFile; fileRef = 99D968712BA908AA00261E95 /* ReservoirManager.swift */; };
		99D968742BA9116200261E95 /* CoordinatesFetcher.swift in Sources */ = {isa = PBXBuildFile; fileRef = 99D968732BA9116200261E95 /* CoordinatesFetcher.swift */; };
		99D968782BB88D9400261E95 /* RiverDataType.swift in Sources */ = {isa = PBXBuildFile; fileRef = 99D968772BB88D9400261E95 /* RiverDataType.swift */; };
/* End PBXBuildFile section */

/* Begin PBXFileReference section */
		997623B72AEF21960004185E /* AuthButtons.swift */ = {isa = PBXFileReference; lastKnownFileType = sourcecode.swift; path = AuthButtons.swift; sourceTree = "<group>"; };
		997623BB2AEF63900004185E /* FavoriteView.swift */ = {isa = PBXFileReference; lastKnownFileType = sourcecode.swift; path = FavoriteView.swift; sourceTree = "<group>"; };
		99B07C6E2B0B170000AF2687 /* MLListView.swift */ = {isa = PBXFileReference; lastKnownFileType = sourcecode.swift; path = MLListView.swift; sourceTree = "<group>"; };
		99B07C702B0B1FB600AF2687 /* Utils.swift */ = {isa = PBXFileReference; lastKnownFileType = sourcecode.swift; path = Utils.swift; sourceTree = "<group>"; };
		99CF9EB32BC5AF11008D16AE /* MapView.swift */ = {isa = PBXFileReference; lastKnownFileType = sourcecode.swift; path = MapView.swift; sourceTree = "<group>"; };
		99CFC16A29D52DDD0069F04E /* WW-app.app */ = {isa = PBXFileReference; explicitFileType = wrapper.application; includeInIndex = 0; path = "WW-app.app"; sourceTree = BUILT_PRODUCTS_DIR; };
		99CFC16D29D52DDD0069F04E /* WW_appApp.swift */ = {isa = PBXFileReference; lastKnownFileType = sourcecode.swift; path = WW_appApp.swift; sourceTree = "<group>"; };
		99CFC16F29D52DDD0069F04E /* Persistence.swift */ = {isa = PBXFileReference; lastKnownFileType = sourcecode.swift; path = Persistence.swift; sourceTree = "<group>"; };
		99CFC17229D52DDD0069F04E /* WW_app.xcdatamodel */ = {isa = PBXFileReference; lastKnownFileType = wrapper.xcdatamodel; path = WW_app.xcdatamodel; sourceTree = "<group>"; };
		99CFC17629D52DDD0069F04E /* Assets.xcassets */ = {isa = PBXFileReference; lastKnownFileType = folder.assetcatalog; path = Assets.xcassets; sourceTree = "<group>"; };
		99CFC17829D52DDD0069F04E /* WW_app.entitlements */ = {isa = PBXFileReference; lastKnownFileType = text.plist.entitlements; path = WW_app.entitlements; sourceTree = "<group>"; };
		99CFC17A29D52DDD0069F04E /* Preview Assets.xcassets */ = {isa = PBXFileReference; lastKnownFileType = folder.assetcatalog; path = "Preview Assets.xcassets"; sourceTree = "<group>"; };
		99CFC18129D52EE80069F04E /* River.swift */ = {isa = PBXFileReference; lastKnownFileType = sourcecode.swift; path = River.swift; sourceTree = "<group>"; };
		99CFC18729D531780069F04E /* RiverListView.swift */ = {isa = PBXFileReference; lastKnownFileType = sourcecode.swift; path = RiverListView.swift; sourceTree = "<group>"; };
		99CFC18929D531950069F04E /* RiverDetailView.swift */ = {isa = PBXFileReference; lastKnownFileType = sourcecode.swift; path = RiverDetailView.swift; sourceTree = "<group>"; };
		99CFC18B29D539EA0069F04E /* SnowpackData.swift */ = {isa = PBXFileReference; lastKnownFileType = sourcecode.swift; path = SnowpackData.swift; sourceTree = "<group>"; };
		99CFC18D29D53A360069F04E /* APIManager.swift */ = {isa = PBXFileReference; lastKnownFileType = sourcecode.swift; path = APIManager.swift; sourceTree = "<group>"; };
		99CFC19229D53DF80069F04E /* NRCSResponse.swift */ = {isa = PBXFileReference; lastKnownFileType = sourcecode.swift; path = NRCSResponse.swift; sourceTree = "<group>"; };
		99CFC19429D55FCF0069F04E /* WeatherResponse.swift */ = {isa = PBXFileReference; lastKnownFileType = sourcecode.swift; path = WeatherResponse.swift; sourceTree = "<group>"; };
		99D41CFA2AFFEA6800F842CF /* ProfileView.swift */ = {isa = PBXFileReference; lastKnownFileType = sourcecode.swift; path = ProfileView.swift; sourceTree = "<group>"; };
		99D9686F2BA9014F00261E95 /* FlowGraphView.swift */ = {isa = PBXFileReference; fileEncoding = 4; lastKnownFileType = sourcecode.swift; path = FlowGraphView.swift; sourceTree = "<group>"; };
		99D968712BA908AA00261E95 /* ReservoirManager.swift */ = {isa = PBXFileReference; fileEncoding = 4; lastKnownFileType = sourcecode.swift; path = ReservoirManager.swift; sourceTree = "<group>"; };
		99D968732BA9116200261E95 /* CoordinatesFetcher.swift */ = {isa = PBXFileReference; lastKnownFileType = sourcecode.swift; path = CoordinatesFetcher.swift; sourceTree = "<group>"; };
		99D968772BB88D9400261E95 /* RiverDataType.swift */ = {isa = PBXFileReference; lastKnownFileType = sourcecode.swift; path = RiverDataType.swift; sourceTree = "<group>"; };
/* End PBXFileReference section */

/* Begin PBXFrameworksBuildPhase section */
		99CFC16729D52DDD0069F04E /* Frameworks */ = {
			isa = PBXFrameworksBuildPhase;
			buildActionMask = 2147483647;
			files = (
				9907233729D936F400C18065 /* AWSAPIPlugin in Frameworks */,
				99CFC19829D56F800069F04E /* SwiftyJSON in Frameworks */,
				9907233D29D936F400C18065 /* AWSPluginsCore in Frameworks */,
				9907233929D936F400C18065 /* AWSCognitoAuthPlugin in Frameworks */,
				9907234129D936F400C18065 /* Amplify in Frameworks */,
				9907233B29D936F400C18065 /* AWSDataStorePlugin in Frameworks */,
				99B07C742B0B254200AF2687 /* Zip in Frameworks */,
				9907233F29D936F400C18065 /* AWSS3StoragePlugin in Frameworks */,
				99C62BAC29D7B21500A37181 /* CSV in Frameworks */,
				99C62BA929D79C3D00A37181 /* SwiftCSV in Frameworks */,
				99CFC19D29D76AD30069F04E /* AnyCodable in Frameworks */,
				99CFC19129D53ADB0069F04E /* Alamofire in Frameworks */,
			);
			runOnlyForDeploymentPostprocessing = 0;
		};
/* End PBXFrameworksBuildPhase section */

/* Begin PBXGroup section */
		99CFC16129D52DDD0069F04E = {
			isa = PBXGroup;
			children = (
				99CFC16C29D52DDD0069F04E /* WW-app */,
				99CFC16B29D52DDD0069F04E /* Products */,
			);
			sourceTree = "<group>";
		};
		99CFC16B29D52DDD0069F04E /* Products */ = {
			isa = PBXGroup;
			children = (
				99CFC16A29D52DDD0069F04E /* WW-app.app */,
			);
			name = Products;
			sourceTree = "<group>";
		};
		99CFC16C29D52DDD0069F04E /* WW-app */ = {
			isa = PBXGroup;
			children = (
				99B07C6E2B0B170000AF2687 /* MLListView.swift */,
				99CFC18B29D539EA0069F04E /* SnowpackData.swift */,
				99CFC16D29D52DDD0069F04E /* WW_appApp.swift */,
				99CFC16F29D52DDD0069F04E /* Persistence.swift */,
				99CFC17629D52DDD0069F04E /* Assets.xcassets */,
				99CFC17829D52DDD0069F04E /* WW_app.entitlements */,
				99CFC17129D52DDD0069F04E /* WW_app.xcdatamodeld */,
				99CFC17929D52DDD0069F04E /* Preview Content */,
				99D968712BA908AA00261E95 /* ReservoirManager.swift */,
				99D968732BA9116200261E95 /* CoordinatesFetcher.swift */,
				99CFC18129D52EE80069F04E /* River.swift */,
				99D968772BB88D9400261E95 /* RiverDataType.swift */,
				99CFC18729D531780069F04E /* RiverListView.swift */,
				99D41CFA2AFFEA6800F842CF /* ProfileView.swift */,
				99CFC18929D531950069F04E /* RiverDetailView.swift */,
				99CFC18D29D53A360069F04E /* APIManager.swift */,
				99D9686F2BA9014F00261E95 /* FlowGraphView.swift */,
				99CFC19229D53DF80069F04E /* NRCSResponse.swift */,
				99CFC19429D55FCF0069F04E /* WeatherResponse.swift */,
				997623B72AEF21960004185E /* AuthButtons.swift */,
				99CF9EB32BC5AF11008D16AE /* MapView.swift */,
				997623BB2AEF63900004185E /* FavoriteView.swift */,
				99B07C702B0B1FB600AF2687 /* Utils.swift */,
			);
			path = "WW-app";
			sourceTree = "<group>";
		};
		99CFC17929D52DDD0069F04E /* Preview Content */ = {
			isa = PBXGroup;
			children = (
				99CFC17A29D52DDD0069F04E /* Preview Assets.xcassets */,
			);
			path = "Preview Content";
			sourceTree = "<group>";
		};
/* End PBXGroup section */

/* Begin PBXNativeTarget section */
		99CFC16929D52DDD0069F04E /* WW-app */ = {
			isa = PBXNativeTarget;
			buildConfigurationList = 99CFC17E29D52DDD0069F04E /* Build configuration list for PBXNativeTarget "WW-app" */;
			buildPhases = (
				99CFC16629D52DDD0069F04E /* Sources */,
				99CFC16729D52DDD0069F04E /* Frameworks */,
				99CFC16829D52DDD0069F04E /* Resources */,
			);
			buildRules = (
			);
			dependencies = (
			);
			name = "WW-app";
			packageProductDependencies = (
				99CFC19029D53ADB0069F04E /* Alamofire */,
				99CFC19729D56F800069F04E /* SwiftyJSON */,
				99CFC19C29D76AD30069F04E /* AnyCodable */,
				99C62BA829D79C3D00A37181 /* SwiftCSV */,
				99C62BAB29D7B21500A37181 /* CSV */,
				9907233629D936F400C18065 /* AWSAPIPlugin */,
				9907233829D936F400C18065 /* AWSCognitoAuthPlugin */,
				9907233A29D936F400C18065 /* AWSDataStorePlugin */,
				9907233C29D936F400C18065 /* AWSPluginsCore */,
				9907233E29D936F400C18065 /* AWSS3StoragePlugin */,
				9907234029D936F400C18065 /* Amplify */,
				99B07C732B0B254200AF2687 /* Zip */,
			);
			productName = "WW-app";
			productReference = 99CFC16A29D52DDD0069F04E /* WW-app.app */;
			productType = "com.apple.product-type.application";
		};
/* End PBXNativeTarget section */

/* Begin PBXProject section */
		99CFC16229D52DDD0069F04E /* Project object */ = {
			isa = PBXProject;
			attributes = {
				BuildIndependentTargetsInParallel = 1;
				LastSwiftUpdateCheck = 1420;
				LastUpgradeCheck = 1420;
				TargetAttributes = {
					99CFC16929D52DDD0069F04E = {
						CreatedOnToolsVersion = 14.2;
					};
				};
			};
			buildConfigurationList = 99CFC16529D52DDD0069F04E /* Build configuration list for PBXProject "WW-app" */;
			compatibilityVersion = "Xcode 14.0";
			developmentRegion = en;
			hasScannedForEncodings = 0;
			knownRegions = (
				en,
				Base,
			);
			mainGroup = 99CFC16129D52DDD0069F04E;
			packageReferences = (
				99CFC18F29D53ADB0069F04E /* XCRemoteSwiftPackageReference "Alamofire" */,
				99CFC19629D56F800069F04E /* XCRemoteSwiftPackageReference "SwiftyJSON" */,
				99CFC19B29D76AD30069F04E /* XCRemoteSwiftPackageReference "AnyCodable" */,
				99C62BA729D79C3D00A37181 /* XCRemoteSwiftPackageReference "SwiftCSV" */,
				99C62BAA29D7B21500A37181 /* XCRemoteSwiftPackageReference "CSV.swift" */,
				9907233529D936F400C18065 /* XCRemoteSwiftPackageReference "amplify-swift" */,
				99B07C722B0B254200AF2687 /* XCRemoteSwiftPackageReference "Zip" */,
			);
			productRefGroup = 99CFC16B29D52DDD0069F04E /* Products */;
			projectDirPath = "";
			projectRoot = "";
			targets = (
				99CFC16929D52DDD0069F04E /* WW-app */,
			);
		};
/* End PBXProject section */

/* Begin PBXResourcesBuildPhase section */
		99CFC16829D52DDD0069F04E /* Resources */ = {
			isa = PBXResourcesBuildPhase;
			buildActionMask = 2147483647;
			files = (
				99CFC17B29D52DDD0069F04E /* Preview Assets.xcassets in Resources */,
				99CFC17729D52DDD0069F04E /* Assets.xcassets in Resources */,
			);
			runOnlyForDeploymentPostprocessing = 0;
		};
/* End PBXResourcesBuildPhase section */

/* Begin PBXSourcesBuildPhase section */
		99CFC16629D52DDD0069F04E /* Sources */ = {
			isa = PBXSourcesBuildPhase;
			buildActionMask = 2147483647;
			files = (
				99CFC16E29D52DDD0069F04E /* WW_appApp.swift in Sources */,
				99CFC18829D531780069F04E /* RiverListView.swift in Sources */,
				997623BC2AEF63900004185E /* FavoriteView.swift in Sources */,
				99CFC19329D53DF80069F04E /* NRCSResponse.swift in Sources */,
				99CFC19529D55FCF0069F04E /* WeatherResponse.swift in Sources */,
				99CFC17029D52DDD0069F04E /* Persistence.swift in Sources */,
				99D968702BA9014F00261E95 /* FlowGraphView.swift in Sources */,
				99D41CFB2AFFEA6800F842CF /* ProfileView.swift in Sources */,
				99CFC18E29D53A360069F04E /* APIManager.swift in Sources */,
				99B07C712B0B1FB600AF2687 /* Utils.swift in Sources */,
				99CFC18229D52EE80069F04E /* River.swift in Sources */,
				99D968782BB88D9400261E95 /* RiverDataType.swift in Sources */,
				99CFC18C29D539EA0069F04E /* SnowpackData.swift in Sources */,
				99B07C6F2B0B170000AF2687 /* MLListView.swift in Sources */,
				99CFC18A29D531950069F04E /* RiverDetailView.swift in Sources */,
				997623B82AEF21960004185E /* AuthButtons.swift in Sources */,
				99D968742BA9116200261E95 /* CoordinatesFetcher.swift in Sources */,
				99CF9EB42BC5AF11008D16AE /* MapView.swift in Sources */,
				99CFC17329D52DDD0069F04E /* WW_app.xcdatamodeld in Sources */,
				99D968722BA908AA00261E95 /* ReservoirManager.swift in Sources */,
			);
			runOnlyForDeploymentPostprocessing = 0;
		};
/* End PBXSourcesBuildPhase section */

/* Begin XCBuildConfiguration section */
		99CFC17C29D52DDD0069F04E /* Debug */ = {
			isa = XCBuildConfiguration;
			buildSettings = {
				ALWAYS_SEARCH_USER_PATHS = NO;
				CLANG_ANALYZER_NONNULL = YES;
				CLANG_ANALYZER_NUMBER_OBJECT_CONVERSION = YES_AGGRESSIVE;
				CLANG_CXX_LANGUAGE_STANDARD = "gnu++20";
				CLANG_ENABLE_MODULES = YES;
				CLANG_ENABLE_OBJC_ARC = YES;
				CLANG_ENABLE_OBJC_WEAK = YES;
				CLANG_WARN_BLOCK_CAPTURE_AUTORELEASING = YES;
				CLANG_WARN_BOOL_CONVERSION = YES;
				CLANG_WARN_COMMA = YES;
				CLANG_WARN_CONSTANT_CONVERSION = YES;
				CLANG_WARN_DEPRECATED_OBJC_IMPLEMENTATIONS = YES;
				CLANG_WARN_DIRECT_OBJC_ISA_USAGE = YES_ERROR;
				CLANG_WARN_DOCUMENTATION_COMMENTS = YES;
				CLANG_WARN_EMPTY_BODY = YES;
				CLANG_WARN_ENUM_CONVERSION = YES;
				CLANG_WARN_INFINITE_RECURSION = YES;
				CLANG_WARN_INT_CONVERSION = YES;
				CLANG_WARN_NON_LITERAL_NULL_CONVERSION = YES;
				CLANG_WARN_OBJC_IMPLICIT_RETAIN_SELF = YES;
				CLANG_WARN_OBJC_LITERAL_CONVERSION = YES;
				CLANG_WARN_OBJC_ROOT_CLASS = YES_ERROR;
				CLANG_WARN_QUOTED_INCLUDE_IN_FRAMEWORK_HEADER = YES;
				CLANG_WARN_RANGE_LOOP_ANALYSIS = YES;
				CLANG_WARN_STRICT_PROTOTYPES = YES;
				CLANG_WARN_SUSPICIOUS_MOVE = YES;
				CLANG_WARN_UNGUARDED_AVAILABILITY = YES_AGGRESSIVE;
				CLANG_WARN_UNREACHABLE_CODE = YES;
				CLANG_WARN__DUPLICATE_METHOD_MATCH = YES;
				COPY_PHASE_STRIP = NO;
				DEBUG_INFORMATION_FORMAT = dwarf;
				ENABLE_STRICT_OBJC_MSGSEND = YES;
				ENABLE_TESTABILITY = YES;
				GCC_C_LANGUAGE_STANDARD = gnu11;
				GCC_DYNAMIC_NO_PIC = NO;
				GCC_NO_COMMON_BLOCKS = YES;
				GCC_OPTIMIZATION_LEVEL = 0;
				GCC_PREPROCESSOR_DEFINITIONS = (
					"DEBUG=1",
					"$(inherited)",
				);
				GCC_WARN_64_TO_32_BIT_CONVERSION = YES;
				GCC_WARN_ABOUT_RETURN_TYPE = YES_ERROR;
				GCC_WARN_UNDECLARED_SELECTOR = YES;
				GCC_WARN_UNINITIALIZED_AUTOS = YES_AGGRESSIVE;
				GCC_WARN_UNUSED_FUNCTION = YES;
				GCC_WARN_UNUSED_VARIABLE = YES;
				MTL_ENABLE_DEBUG_INFO = INCLUDE_SOURCE;
				MTL_FAST_MATH = YES;
				ONLY_ACTIVE_ARCH = YES;
				SWIFT_ACTIVE_COMPILATION_CONDITIONS = DEBUG;
				SWIFT_OPTIMIZATION_LEVEL = "-Onone";
			};
			name = Debug;
		};
		99CFC17D29D52DDD0069F04E /* Release */ = {
			isa = XCBuildConfiguration;
			buildSettings = {
				ALWAYS_SEARCH_USER_PATHS = NO;
				CLANG_ANALYZER_NONNULL = YES;
				CLANG_ANALYZER_NUMBER_OBJECT_CONVERSION = YES_AGGRESSIVE;
				CLANG_CXX_LANGUAGE_STANDARD = "gnu++20";
				CLANG_ENABLE_MODULES = YES;
				CLANG_ENABLE_OBJC_ARC = YES;
				CLANG_ENABLE_OBJC_WEAK = YES;
				CLANG_WARN_BLOCK_CAPTURE_AUTORELEASING = YES;
				CLANG_WARN_BOOL_CONVERSION = YES;
				CLANG_WARN_COMMA = YES;
				CLANG_WARN_CONSTANT_CONVERSION = YES;
				CLANG_WARN_DEPRECATED_OBJC_IMPLEMENTATIONS = YES;
				CLANG_WARN_DIRECT_OBJC_ISA_USAGE = YES_ERROR;
				CLANG_WARN_DOCUMENTATION_COMMENTS = YES;
				CLANG_WARN_EMPTY_BODY = YES;
				CLANG_WARN_ENUM_CONVERSION = YES;
				CLANG_WARN_INFINITE_RECURSION = YES;
				CLANG_WARN_INT_CONVERSION = YES;
				CLANG_WARN_NON_LITERAL_NULL_CONVERSION = YES;
				CLANG_WARN_OBJC_IMPLICIT_RETAIN_SELF = YES;
				CLANG_WARN_OBJC_LITERAL_CONVERSION = YES;
				CLANG_WARN_OBJC_ROOT_CLASS = YES_ERROR;
				CLANG_WARN_QUOTED_INCLUDE_IN_FRAMEWORK_HEADER = YES;
				CLANG_WARN_RANGE_LOOP_ANALYSIS = YES;
				CLANG_WARN_STRICT_PROTOTYPES = YES;
				CLANG_WARN_SUSPICIOUS_MOVE = YES;
				CLANG_WARN_UNGUARDED_AVAILABILITY = YES_AGGRESSIVE;
				CLANG_WARN_UNREACHABLE_CODE = YES;
				CLANG_WARN__DUPLICATE_METHOD_MATCH = YES;
				COPY_PHASE_STRIP = NO;
				DEBUG_INFORMATION_FORMAT = "dwarf-with-dsym";
				ENABLE_NS_ASSERTIONS = NO;
				ENABLE_STRICT_OBJC_MSGSEND = YES;
				GCC_C_LANGUAGE_STANDARD = gnu11;
				GCC_NO_COMMON_BLOCKS = YES;
				GCC_WARN_64_TO_32_BIT_CONVERSION = YES;
				GCC_WARN_ABOUT_RETURN_TYPE = YES_ERROR;
				GCC_WARN_UNDECLARED_SELECTOR = YES;
				GCC_WARN_UNINITIALIZED_AUTOS = YES_AGGRESSIVE;
				GCC_WARN_UNUSED_FUNCTION = YES;
				GCC_WARN_UNUSED_VARIABLE = YES;
				MTL_ENABLE_DEBUG_INFO = NO;
				MTL_FAST_MATH = YES;
				SWIFT_COMPILATION_MODE = wholemodule;
				SWIFT_OPTIMIZATION_LEVEL = "-O";
			};
			name = Release;
		};
		99CFC17F29D52DDD0069F04E /* Debug */ = {
			isa = XCBuildConfiguration;
			buildSettings = {
				ASSETCATALOG_COMPILER_APPICON_NAME = AppIcon;
				ASSETCATALOG_COMPILER_GLOBAL_ACCENT_COLOR_NAME = AccentColor;
				CODE_SIGN_ENTITLEMENTS = "WW-app/WW_app.entitlements";
				CODE_SIGN_STYLE = Automatic;
				CURRENT_PROJECT_VERSION = 1;
				DEVELOPMENT_ASSET_PATHS = "\"WW-app/Preview Content\"";
				DEVELOPMENT_TEAM = KW68H824S9;
				ENABLE_HARDENED_RUNTIME = YES;
				ENABLE_PREVIEWS = YES;
				GENERATE_INFOPLIST_FILE = YES;
				"INFOPLIST_KEY_UIApplicationSceneManifest_Generation[sdk=iphoneos*]" = YES;
				"INFOPLIST_KEY_UIApplicationSceneManifest_Generation[sdk=iphonesimulator*]" = YES;
				"INFOPLIST_KEY_UIApplicationSupportsIndirectInputEvents[sdk=iphoneos*]" = YES;
				"INFOPLIST_KEY_UIApplicationSupportsIndirectInputEvents[sdk=iphonesimulator*]" = YES;
				"INFOPLIST_KEY_UILaunchScreen_Generation[sdk=iphoneos*]" = YES;
				"INFOPLIST_KEY_UILaunchScreen_Generation[sdk=iphonesimulator*]" = YES;
				"INFOPLIST_KEY_UIStatusBarStyle[sdk=iphoneos*]" = UIStatusBarStyleDefault;
				"INFOPLIST_KEY_UIStatusBarStyle[sdk=iphonesimulator*]" = UIStatusBarStyleDefault;
				INFOPLIST_KEY_UISupportedInterfaceOrientations_iPad = "UIInterfaceOrientationPortrait UIInterfaceOrientationPortraitUpsideDown UIInterfaceOrientationLandscapeLeft UIInterfaceOrientationLandscapeRight";
				INFOPLIST_KEY_UISupportedInterfaceOrientations_iPhone = "UIInterfaceOrientationPortrait UIInterfaceOrientationLandscapeLeft UIInterfaceOrientationLandscapeRight";
				IPHONEOS_DEPLOYMENT_TARGET = 16.2;
				LD_RUNPATH_SEARCH_PATHS = "@executable_path/Frameworks";
				"LD_RUNPATH_SEARCH_PATHS[sdk=macosx*]" = "@executable_path/../Frameworks";
				MACOSX_DEPLOYMENT_TARGET = 12.5;
				MARKETING_VERSION = 1.0;
				PRODUCT_BUNDLE_IDENTIFIER = "tmart234.WW-app";
				PRODUCT_NAME = "$(TARGET_NAME)";
				SDKROOT = auto;
				SUPPORTED_PLATFORMS = "iphoneos iphonesimulator";
				SUPPORTS_MACCATALYST = NO;
				SUPPORTS_MAC_DESIGNED_FOR_IPHONE_IPAD = NO;
				SWIFT_EMIT_LOC_STRINGS = YES;
				SWIFT_VERSION = 5.0;
				TARGETED_DEVICE_FAMILY = 1;
			};
			name = Debug;
		};
		99CFC18029D52DDD0069F04E /* Release */ = {
			isa = XCBuildConfiguration;
			buildSettings = {
				ASSETCATALOG_COMPILER_APPICON_NAME = AppIcon;
				ASSETCATALOG_COMPILER_GLOBAL_ACCENT_COLOR_NAME = AccentColor;
				CODE_SIGN_ENTITLEMENTS = "WW-app/WW_app.entitlements";
				CODE_SIGN_STYLE = Automatic;
				CURRENT_PROJECT_VERSION = 1;
				DEVELOPMENT_ASSET_PATHS = "\"WW-app/Preview Content\"";
				DEVELOPMENT_TEAM = KVKVM7VNTW;
				ENABLE_HARDENED_RUNTIME = YES;
				ENABLE_PREVIEWS = YES;
				GENERATE_INFOPLIST_FILE = YES;
				"INFOPLIST_KEY_UIApplicationSceneManifest_Generation[sdk=iphoneos*]" = YES;
				"INFOPLIST_KEY_UIApplicationSceneManifest_Generation[sdk=iphonesimulator*]" = YES;
				"INFOPLIST_KEY_UIApplicationSupportsIndirectInputEvents[sdk=iphoneos*]" = YES;
				"INFOPLIST_KEY_UIApplicationSupportsIndirectInputEvents[sdk=iphonesimulator*]" = YES;
				"INFOPLIST_KEY_UILaunchScreen_Generation[sdk=iphoneos*]" = YES;
				"INFOPLIST_KEY_UILaunchScreen_Generation[sdk=iphonesimulator*]" = YES;
				"INFOPLIST_KEY_UIStatusBarStyle[sdk=iphoneos*]" = UIStatusBarStyleDefault;
				"INFOPLIST_KEY_UIStatusBarStyle[sdk=iphonesimulator*]" = UIStatusBarStyleDefault;
				INFOPLIST_KEY_UISupportedInterfaceOrientations_iPad = "UIInterfaceOrientationPortrait UIInterfaceOrientationPortraitUpsideDown UIInterfaceOrientationLandscapeLeft UIInterfaceOrientationLandscapeRight";
				INFOPLIST_KEY_UISupportedInterfaceOrientations_iPhone = "UIInterfaceOrientationPortrait UIInterfaceOrientationLandscapeLeft UIInterfaceOrientationLandscapeRight";
				IPHONEOS_DEPLOYMENT_TARGET = 16.2;
				LD_RUNPATH_SEARCH_PATHS = "@executable_path/Frameworks";
				"LD_RUNPATH_SEARCH_PATHS[sdk=macosx*]" = "@executable_path/../Frameworks";
				MACOSX_DEPLOYMENT_TARGET = 12.5;
				MARKETING_VERSION = 1.0;
				PRODUCT_BUNDLE_IDENTIFIER = "tmart234.WW-app";
				PRODUCT_NAME = "$(TARGET_NAME)";
				SDKROOT = auto;
				SUPPORTED_PLATFORMS = "iphoneos iphonesimulator";
				SUPPORTS_MACCATALYST = NO;
				SUPPORTS_MAC_DESIGNED_FOR_IPHONE_IPAD = NO;
				SWIFT_EMIT_LOC_STRINGS = YES;
				SWIFT_VERSION = 5.0;
				TARGETED_DEVICE_FAMILY = 1;
			};
			name = Release;
		};
/* End XCBuildConfiguration section */

/* Begin XCConfigurationList section */
		99CFC16529D52DDD0069F04E /* Build configuration list for PBXProject "WW-app" */ = {
			isa = XCConfigurationList;
			buildConfigurations = (
				99CFC17C29D52DDD0069F04E /* Debug */,
				99CFC17D29D52DDD0069F04E /* Release */,
			);
			defaultConfigurationIsVisible = 0;
			defaultConfigurationName = Release;
		};
		99CFC17E29D52DDD0069F04E /* Build configuration list for PBXNativeTarget "WW-app" */ = {
			isa = XCConfigurationList;
			buildConfigurations = (
				99CFC17F29D52DDD0069F04E /* Debug */,
				99CFC18029D52DDD0069F04E /* Release */,
			);
			defaultConfigurationIsVisible = 0;
			defaultConfigurationName = Release;
		};
/* End XCConfigurationList section */

/* Begin XCRemoteSwiftPackageReference section */
		9907233529D936F400C18065 /* XCRemoteSwiftPackageReference "amplify-swift" */ = {
			isa = XCRemoteSwiftPackageReference;
			repositoryURL = "https://github.com/aws-amplify/amplify-swift.git";
			requirement = {
				branch = main;
				kind = branch;
			};
		};
		99B07C722B0B254200AF2687 /* XCRemoteSwiftPackageReference "Zip" */ = {
			isa = XCRemoteSwiftPackageReference;
			repositoryURL = "https://github.com/marmelroy/Zip.git";
			requirement = {
				kind = upToNextMajorVersion;
				minimumVersion = 2.0.0;
			};
		};
		99C62BA729D79C3D00A37181 /* XCRemoteSwiftPackageReference "SwiftCSV" */ = {
			isa = XCRemoteSwiftPackageReference;
			repositoryURL = "https://github.com/swiftcsv/SwiftCSV.git";
			requirement = {
				kind = upToNextMajorVersion;
				minimumVersion = 0.8.1;
			};
		};
		99C62BAA29D7B21500A37181 /* XCRemoteSwiftPackageReference "CSV.swift" */ = {
			isa = XCRemoteSwiftPackageReference;
			repositoryURL = "https://github.com/yaslab/CSV.swift.git";
			requirement = {
				kind = upToNextMajorVersion;
				minimumVersion = 2.0.0;
			};
		};
		99CFC18F29D53ADB0069F04E /* XCRemoteSwiftPackageReference "Alamofire" */ = {
			isa = XCRemoteSwiftPackageReference;
			repositoryURL = "https://github.com/Alamofire/Alamofire.git";
			requirement = {
				kind = upToNextMajorVersion;
				minimumVersion = 5.0.0;
			};
		};
		99CFC19629D56F800069F04E /* XCRemoteSwiftPackageReference "SwiftyJSON" */ = {
			isa = XCRemoteSwiftPackageReference;
			repositoryURL = "https://github.com/SwiftyJSON/SwiftyJSON.git";
			requirement = {
				kind = upToNextMajorVersion;
				minimumVersion = 5.0.0;
			};
		};
		99CFC19B29D76AD30069F04E /* XCRemoteSwiftPackageReference "AnyCodable" */ = {
			isa = XCRemoteSwiftPackageReference;
			repositoryURL = "https://github.com/Flight-School/AnyCodable.git";
			requirement = {
				kind = upToNextMajorVersion;
				minimumVersion = 0.6.7;
			};
		};
/* End XCRemoteSwiftPackageReference section */

/* Begin XCSwiftPackageProductDependency section */
		9907233629D936F400C18065 /* AWSAPIPlugin */ = {
			isa = XCSwiftPackageProductDependency;
			package = 9907233529D936F400C18065 /* XCRemoteSwiftPackageReference "amplify-swift" */;
			productName = AWSAPIPlugin;
		};
		9907233829D936F400C18065 /* AWSCognitoAuthPlugin */ = {
			isa = XCSwiftPackageProductDependency;
			package = 9907233529D936F400C18065 /* XCRemoteSwiftPackageReference "amplify-swift" */;
			productName = AWSCognitoAuthPlugin;
		};
		9907233A29D936F400C18065 /* AWSDataStorePlugin */ = {
			isa = XCSwiftPackageProductDependency;
			package = 9907233529D936F400C18065 /* XCRemoteSwiftPackageReference "amplify-swift" */;
			productName = AWSDataStorePlugin;
		};
		9907233C29D936F400C18065 /* AWSPluginsCore */ = {
			isa = XCSwiftPackageProductDependency;
			package = 9907233529D936F400C18065 /* XCRemoteSwiftPackageReference "amplify-swift" */;
			productName = AWSPluginsCore;
		};
		9907233E29D936F400C18065 /* AWSS3StoragePlugin */ = {
			isa = XCSwiftPackageProductDependency;
			package = 9907233529D936F400C18065 /* XCRemoteSwiftPackageReference "amplify-swift" */;
			productName = AWSS3StoragePlugin;
		};
		9907234029D936F400C18065 /* Amplify */ = {
			isa = XCSwiftPackageProductDependency;
			package = 9907233529D936F400C18065 /* XCRemoteSwiftPackageReference "amplify-swift" */;
			productName = Amplify;
		};
		99B07C732B0B254200AF2687 /* Zip */ = {
			isa = XCSwiftPackageProductDependency;
			package = 99B07C722B0B254200AF2687 /* XCRemoteSwiftPackageReference "Zip" */;
			productName = Zip;
		};
		99C62BA829D79C3D00A37181 /* SwiftCSV */ = {
			isa = XCSwiftPackageProductDependency;
			package = 99C62BA729D79C3D00A37181 /* XCRemoteSwiftPackageReference "SwiftCSV" */;
			productName = SwiftCSV;
		};
		99C62BAB29D7B21500A37181 /* CSV */ = {
			isa = XCSwiftPackageProductDependency;
			package = 99C62BAA29D7B21500A37181 /* XCRemoteSwiftPackageReference "CSV.swift" */;
			productName = CSV;
		};
		99CFC19029D53ADB0069F04E /* Alamofire */ = {
			isa = XCSwiftPackageProductDependency;
			package = 99CFC18F29D53ADB0069F04E /* XCRemoteSwiftPackageReference "Alamofire" */;
			productName = Alamofire;
		};
		99CFC19729D56F800069F04E /* SwiftyJSON */ = {
			isa = XCSwiftPackageProductDependency;
			package = 99CFC19629D56F800069F04E /* XCRemoteSwiftPackageReference "SwiftyJSON" */;
			productName = SwiftyJSON;
		};
		99CFC19C29D76AD30069F04E /* AnyCodable */ = {
			isa = XCSwiftPackageProductDependency;
			package = 99CFC19B29D76AD30069F04E /* XCRemoteSwiftPackageReference "AnyCodable" */;
			productName = AnyCodable;
		};
/* End XCSwiftPackageProductDependency section */

/* Begin XCVersionGroup section */
		99CFC17129D52DDD0069F04E /* WW_app.xcdatamodeld */ = {
			isa = XCVersionGroup;
			children = (
				99CFC17229D52DDD0069F04E /* WW_app.xcdatamodel */,
			);
			currentVersion = 99CFC17229D52DDD0069F04E /* WW_app.xcdatamodel */;
			path = WW_app.xcdatamodeld;
			sourceTree = "<group>";
			versionGroupType = wrapper.xcdatamodel;
		};
/* End XCVersionGroup section */
	};
	rootObject = 99CFC16229D52DDD0069F04E /* Project object */;
}
